PODS:
  - Alamofire (3.1.4)
  - FLAnimatedImage (1.0.12)
  - Moya (6.0.0):
    - Moya/Core (= 6.0.0)
  - Moya-ObjectMapper/Core (1.1.2):
    - Moya (~> 6.0.0)
    - ObjectMapper (~> 1.1.0)
  - Moya-ObjectMapper/RxSwift (1.1.2):
    - Moya-ObjectMapper/Core
    - Moya/RxSwift (~> 6.0.0)
    - RxSwift (= 2.0.0)
  - Moya/Core (6.0.0):
    - Alamofire (~> 3.0)
    - Result (~> 1.0)
  - Moya/RxSwift (6.0.0):
    - Moya/Core
    - RxSwift (= 2.0.0)
  - Nimble (3.2.0)
  - NSObject+Rx (1.2.0):
    - RxSwift (~> 2.0.0)
  - ObjectMapper (1.1.1)
  - Quick (0.9.1)
  - Result (1.0.1)
  - RxAlamofire (1.0):
    - RxAlamofire/Core (= 1.0)
  - RxAlamofire/Core (1.0):
    - Alamofire (~> 3.0)
    - RxSwift (~> 2.0.0)
  - RxCocoa (2.1.0):
    - RxSwift (~> 2.0)
  - RxSwift (2.0.0)
  - SDWebImage/Core (3.8.1)
  - SDWebImage/GIF (3.8.1):
    - FLAnimatedImage (~> 1.0)
    - SDWebImage/Core
  - SnapKit (0.19.1)

DEPENDENCIES:
  - Moya-ObjectMapper/RxSwift
  - Moya/RxSwift
  - Nimble (= 3.2.0)
  - NSObject+Rx
  - ObjectMapper
  - Quick (= 0.9.1)
  - RxAlamofire
  - RxCocoa (~> 2.0)
  - RxSwift (~> 2.0)
  - SDWebImage/GIF (from `https://github.com/rs/SDWebImage.git`, branch `4.x`)
  - SnapKit (= 0.19.1)

EXTERNAL SOURCES:
  SDWebImage:
    :branch: 4.x
    :git: https://github.com/rs/SDWebImage.git

CHECKOUT OPTIONS:
  SDWebImage:
    :commit: 546a579c62510b745d68ab430cfe2a3d86e47722
    :git: https://github.com/rs/SDWebImage.git

SPEC CHECKSUMS:
  Alamofire: fbc829692f351fa1d8a31dd75fd7f7f56fea31fb
  FLAnimatedImage: 4a0b56255d9b05f18b6dd7ee06871be5d3b89e31
  Moya: 9bd9f20e6451c820c17ca40e1b3f6489757fa821
  Moya-ObjectMapper: 23f081c1f78202d48c484dcce2c8ec1c796592eb
  Nimble: 703854335d181df169bbca9c97117b5cf8c47c1d
  NSObject+Rx: 552d0a5bb78087b0faf9f8a066148577f1231426
  ObjectMapper: 4143abed1dbd49b73d75092fe8fa1c88ed6434b7
  Quick: a5221fc21788b6aeda934805e68b061839bc3165
  Result: caef80340451e1f07492fa1e89117f83613bce24
  RxAlamofire: a969a44a07bbf40517fa1517ae445b797153b1ec
  RxCocoa: 79b5feb8378545336e756a0a33fcf5e95050b71c
  RxSwift: d83246efa6f16c50c143bec134649d045498f601
  SDWebImage: c36166b920a2d7cafcd48f6bef4a51c8a547bdba
  SnapKit: eff58d6e3451bf2f482db2eccf86aecf371dc62d

PODFILE CHECKSUM: 9b1671d09a7757dc1c1803f20d94efc61096a6eb

COCOAPODS: 1.0.1
