PODS:
  - Alamofire (4.0.1)
  - Kingfisher (3.1.4)
  - Moya (8.0.0-beta.3):
    - Moya/Core (= 8.0.0-beta.3)
  - Moya-ObjectMapper/Core (2.0.1):
    - Moya (= 8.0.0-beta.3)
    - ObjectMapper (= 2.2.0)
  - Moya-ObjectMapper/RxSwift (2.0.1):
    - Moya-ObjectMapper/Core
    - Moya/RxSwift
    - RxSwift
  - Moya/Core (8.0.0-beta.3):
    - Alamofire (~> 4.0.0)
    - Result
  - Moya/RxSwift (8.0.0-beta.3):
    - Moya/Core
    - RxSwift
  - NSObject+Rx (2.0.0):
    - RxSwift
  - ObjectMapper (2.2.0)
  - Quick (0.10.0)
  - Result (3.0.0)
  - RxAlamofire (3.0.0):
    - RxAlamofire/Core (= 3.0.0)
  - RxAlamofire/Core (3.0.0):
    - Alamofire (~> 4.0)
    - RxSwift (~> 3.0)
  - RxCocoa (3.0.0):
    - RxSwift (~> 3.0)
  - RxSwift (3.0.0)
  - SnapKit (3.0.2)

DEPENDENCIES:
  - Kingfisher (= 3.1.4)
  - Moya-ObjectMapper/RxSwift
  - Moya/RxSwift (= 8.0.0-beta.3)
  - NSObject+Rx (= 2.0.0)
  - ObjectMapper
  - Quick (= 0.10.0)
  - RxAlamofire
  - RxCocoa (~> 3.0.0)
  - RxSwift (~> 3.0.0)
  - SnapKit (= 3.0.2)

SPEC CHECKSUMS:
  Alamofire: 7682d43245de14874acd142ec137b144aa1dd335
  Kingfisher: 6c67e3e57f2d81a9cfdfa25052cd86f33ceac9bb
  Moya: f83c7f81eaa28cb0151549dfcf1f3fda4440bb50
  Moya-ObjectMapper: 816d23fdcfb4dcc14a9bbb6f174e8b5d530a881b
  NSObject+Rx: 2a9cd801d9c847e6d2486cbad8d7701b67834e70
  ObjectMapper: 4060d739febae11ab0c6af8d786f98667c82e1bd
  Quick: 5d290df1c69d5ee2f0729956dcf0fd9a30447eaa
  Result: 1b3e431f37cbcd3ad89c6aa9ab0ae55515fae3b6
  RxAlamofire: 0b1fa48f545fffe7f7a28af2086bcaa3b5946cc9
  RxCocoa: 0a2f3ae381cf16f4021a4cee7a4420f83058a965
  RxSwift: a930cd662f5b4a7ca9dc3518585dba91dadf497c
  SnapKit: 2e456761aa92d4d4067a7a5594c18769d451a8ad

PODFILE CHECKSUM: d3f9db817c30fe86b2bceef73e1087ee96472553

COCOAPODS: 1.1.1
